
Microsoft Visual Studio Solution File, Format Version 12.00
# Visual Studio Version 17
VisualStudioVersion = 17.8.34316.72
MinimumVisualStudioVersion = 10.0.40219.1
Project("{9A19103F-16F7-4668-BE54-9A1E7A4F7556}") = "ByTheBook", "ByTheBook.csproj", "{444ECB69-7729-4BF6-911D-168AE146B658}"
EndProject
Global
	GlobalSection(SolutionConfigurationPlatforms) = preSolution
		Debug|Any CPU = Debug|Any CPU
		Release|Any CPU = Release|Any CPU
	EndGlobalSection
	GlobalSection(ProjectConfigurationPlatforms) = postSolution
		{444ECB69-7729-4BF6-911D-168AE146B658}.Debug|Any CPU.ActiveCfg = Debug|Any CPU
		{444ECB69-7729-4BF6-911D-168AE146B658}.Debug|Any CPU.Build.0 = Debug|Any CPU
		{444ECB69-7729-4BF6-911D-168AE146B658}.Release|Any CPU.ActiveCfg = Release|Any CPU
		{444ECB69-7729-4BF6-911D-168AE146B658}.Release|Any CPU.Build.0 = Release|Any CPU
	EndGlobalSection
	GlobalSection(SolutionProperties) = preSolution
		HideSolutionNode = FALSE
	EndGlobalSection
	GlobalSection(ExtensibilityGlobals) = postSolution
		SolutionGuid = {3EE8274A-E737-4176-95DE-2305BCCC589B}
	EndGlobalSection
EndGlobal
